
Microsoft Visual Studio Solution File, Format Version 12.00
# Visual Studio Version 17
VisualStudioVersion = 17.9.34728.123
MinimumVisualStudioVersion = 10.0.40219.1
Project("{9A19103F-16F7-4668-BE54-9A1E7A4F7556}") = "Net.Myzuc.TcpStreamApi.Client", "Net.Myzuc.TcpStreamApi.Client\Net.Myzuc.TcpStreamApi.Client.csproj", "{2E8AF61C-113E-4FB1-BE26-992D317CBD53}"
EndProject
Project("{9A19103F-16F7-4668-BE54-9A1E7A4F7556}") = "Net.Myzuc.TcpStreamApi.Server", "Net.Myzuc.TcpStreamApi.Server\Net.Myzuc.TcpStreamApi.Server.csproj", "{1C9FCEF3-9315-4D59-8CB8-4566E23F25B4}"
EndProject
Global
	GlobalSection(SolutionConfigurationPlatforms) = preSolution
		Debug|Any CPU = Debug|Any CPU
		Release|Any CPU = Release|Any CPU
	EndGlobalSection
	GlobalSection(ProjectConfigurationPlatforms) = postSolution
		{2E8AF61C-113E-4FB1-BE26-992D317CBD53}.Debug|Any CPU.ActiveCfg = Debug|Any CPU
		{2E8AF61C-113E-4FB1-BE26-992D317CBD53}.Debug|Any CPU.Build.0 = Debug|Any CPU
		{2E8AF61C-113E-4FB1-BE26-992D317CBD53}.Release|Any CPU.ActiveCfg = Release|Any CPU
		{2E8AF61C-113E-4FB1-BE26-992D317CBD53}.Release|Any CPU.Build.0 = Release|Any CPU
		{1C9FCEF3-9315-4D59-8CB8-4566E23F25B4}.Debug|Any CPU.ActiveCfg = Debug|Any CPU
		{1C9FCEF3-9315-4D59-8CB8-4566E23F25B4}.Debug|Any CPU.Build.0 = Debug|Any CPU
		{1C9FCEF3-9315-4D59-8CB8-4566E23F25B4}.Release|Any CPU.ActiveCfg = Release|Any CPU
		{1C9FCEF3-9315-4D59-8CB8-4566E23F25B4}.Release|Any CPU.Build.0 = Release|Any CPU
	EndGlobalSection
	GlobalSection(SolutionProperties) = preSolution
		HideSolutionNode = FALSE
	EndGlobalSection
	GlobalSection(ExtensibilityGlobals) = postSolution
		SolutionGuid = {855011DF-631B-4399-8B51-DD8D203D1525}
	EndGlobalSection
EndGlobal
